Microsoft Visual Studio Solution File, Format Version 12.00
# Visual Studio Version 17
VisualStudioVersion = 17.5.2.0
MinimumVisualStudioVersion = 10.0.40219.1
Project("{FAE04EC0-301F-11D3-BF4B-00C04F79EFBC}") = "NawaxRadio.Api", "NawaxRadio.Api\NawaxRadio.Api.csproj", "{9D27F2F8-A815-F156-3A4C-76054674D147}"
EndProject
Global
	GlobalSection(SolutionConfigurationPlatforms) = preSolution
		Debug|Any CPU = Debug|Any CPU
		Release|Any CPU = Release|Any CPU
	EndGlobalSection
	GlobalSection(ProjectConfigurationPlatforms) = postSolution
		{9D27F2F8-A815-F156-3A4C-76054674D147}.Debug|Any CPU.ActiveCfg = Debug|Any CPU
		{9D27F2F8-A815-F156-3A4C-76054674D147}.Debug|Any CPU.Build.0 = Debug|Any CPU
		{9D27F2F8-A815-F156-3A4C-76054674D147}.Release|Any CPU.ActiveCfg = Release|Any CPU
		{9D27F2F8-A815-F156-3A4C-76054674D147}.Release|Any CPU.Build.0 = Release|Any CPU
	EndGlobalSection
	GlobalSection(SolutionProperties) = preSolution
		HideSolutionNode = FALSE
	EndGlobalSection
	GlobalSection(ExtensibilityGlobals) = postSolution
		SolutionGuid = {AC0EFDC0-8782-437E-857E-34F729C07F01}
	EndGlobalSection
EndGlobal
