Microsoft Visual Studio Solution File, Format Version 12.00
# Visual Studio Version 17
VisualStudioVersion = 17.5.2.0
MinimumVisualStudioVersion = 10.0.40219.1
Project("{FAE04EC0-301F-11D3-BF4B-00C04F79EFBC}") = "NawaxRadio.Api", "NawaxRadio.Api.csproj", "{4A30738F-5919-9943-9BA8-F6406062E714}"
EndProject
Global
	GlobalSection(SolutionConfigurationPlatforms) = preSolution
		Debug|Any CPU = Debug|Any CPU
		Release|Any CPU = Release|Any CPU
	EndGlobalSection
	GlobalSection(ProjectConfigurationPlatforms) = postSolution
		{4A30738F-5919-9943-9BA8-F6406062E714}.Debug|Any CPU.ActiveCfg = Debug|Any CPU
		{4A30738F-5919-9943-9BA8-F6406062E714}.Debug|Any CPU.Build.0 = Debug|Any CPU
		{4A30738F-5919-9943-9BA8-F6406062E714}.Release|Any CPU.ActiveCfg = Release|Any CPU
		{4A30738F-5919-9943-9BA8-F6406062E714}.Release|Any CPU.Build.0 = Release|Any CPU
	EndGlobalSection
	GlobalSection(SolutionProperties) = preSolution
		HideSolutionNode = FALSE
	EndGlobalSection
	GlobalSection(ExtensibilityGlobals) = postSolution
		SolutionGuid = {FBBF2665-5A18-4937-9BDE-CA0678BCA7EB}
	EndGlobalSection
EndGlobal
